// !$*UTF8*$!
{
	archiveVersion = 1;
	classes = {
	};
	objectVersion = 50;
	objects = {

/* Begin PBXBuildFile section */
		2D5BDFB120DE33D700F7CCE2 /* CategroyTableViewController.swift in Sources */ = {isa = PBXBuildFile; fileRef = 2D5BDFB020DE33D700F7CCE2 /* CategroyTableViewController.swift */; };
		2D5BDFB520DE57E500F7CCE2 /* Item.swift in Sources */ = {isa = PBXBuildFile; fileRef = 2D5BDFB420DE57E500F7CCE2 /* Item.swift */; };
		2D5BDFB720DE57FD00F7CCE2 /* Category.swift in Sources */ = {isa = PBXBuildFile; fileRef = 2D5BDFB620DE57FD00F7CCE2 /* Category.swift */; };
		2D5BDFB920DE869F00F7CCE2 /* Assets.xcassets in Resources */ = {isa = PBXBuildFile; fileRef = 2D5BDFB820DE869F00F7CCE2 /* Assets.xcassets */; };
		2D5BDFBB20DE8ADC00F7CCE2 /* SwipeTableViewController.swift in Sources */ = {isa = PBXBuildFile; fileRef = 2D5BDFBA20DE8ADC00F7CCE2 /* SwipeTableViewController.swift */; };
		2D5E28A720D8EDE8000B931D /* AppDelegate.swift in Sources */ = {isa = PBXBuildFile; fileRef = 2D5E28A620D8EDE8000B931D /* AppDelegate.swift */; };
		2D5E28A920D8EDE8000B931D /* ToDoListViewController.swift in Sources */ = {isa = PBXBuildFile; fileRef = 2D5E28A820D8EDE8000B931D /* ToDoListViewController.swift */; };
		2D5E28AC20D8EDE8000B931D /* Main.storyboard in Resources */ = {isa = PBXBuildFile; fileRef = 2D5E28AA20D8EDE8000B931D /* Main.storyboard */; };
		2D5E28B120D8EDEA000B931D /* LaunchScreen.storyboard in Resources */ = {isa = PBXBuildFile; fileRef = 2D5E28AF20D8EDEA000B931D /* LaunchScreen.storyboard */; };
		4AD165EC32C13CD9186F5EFB /* Pods_Tasklist.framework in Frameworks */ = {isa = PBXBuildFile; fileRef = A370B2DCBD012F05AAAFD296 /* Pods_Tasklist.framework */; };
/* End PBXBuildFile section */

/* Begin PBXFileReference section */
		05BD064F7BB715F0F2F1D2DA /* Pods-Tasklist.release.xcconfig */ = {isa = PBXFileReference; includeInIndex = 1; lastKnownFileType = text.xcconfig; name = "Pods-Tasklist.release.xcconfig"; path = "Pods/Target Support Files/Pods-Tasklist/Pods-Tasklist.release.xcconfig"; sourceTree = "<group>"; };
		2D5BDFB020DE33D700F7CCE2 /* CategroyTableViewController.swift */ = {isa = PBXFileReference; lastKnownFileType = sourcecode.swift; path = CategroyTableViewController.swift; sourceTree = "<group>"; };
		2D5BDFB420DE57E500F7CCE2 /* Item.swift */ = {isa = PBXFileReference; lastKnownFileType = sourcecode.swift; path = Item.swift; sourceTree = "<group>"; };
		2D5BDFB620DE57FD00F7CCE2 /* Category.swift */ = {isa = PBXFileReference; lastKnownFileType = sourcecode.swift; path = Category.swift; sourceTree = "<group>"; };
		2D5BDFB820DE869F00F7CCE2 /* Assets.xcassets */ = {isa = PBXFileReference; lastKnownFileType = folder.assetcatalog; name = Assets.xcassets; path = ../../../../../.Trash/Assets.xcassets; sourceTree = "<group>"; };
		2D5BDFBA20DE8ADC00F7CCE2 /* SwipeTableViewController.swift */ = {isa = PBXFileReference; lastKnownFileType = sourcecode.swift; path = SwipeTableViewController.swift; sourceTree = "<group>"; };
		2D5E28A320D8EDE8000B931D /* Tasklist.app */ = {isa = PBXFileReference; explicitFileType = wrapper.application; includeInIndex = 0; path = Tasklist.app; sourceTree = BUILT_PRODUCTS_DIR; };
		2D5E28A620D8EDE8000B931D /* AppDelegate.swift */ = {isa = PBXFileReference; lastKnownFileType = sourcecode.swift; path = AppDelegate.swift; sourceTree = "<group>"; };
		2D5E28A820D8EDE8000B931D /* ToDoListViewController.swift */ = {isa = PBXFileReference; lastKnownFileType = sourcecode.swift; path = ToDoListViewController.swift; sourceTree = "<group>"; };
		2D5E28AB20D8EDE8000B931D /* Base */ = {isa = PBXFileReference; lastKnownFileType = file.storyboard; name = Base; path = Base.lproj/Main.storyboard; sourceTree = "<group>"; };
		2D5E28B020D8EDEA000B931D /* Base */ = {isa = PBXFileReference; lastKnownFileType = file.storyboard; name = Base; path = Base.lproj/LaunchScreen.storyboard; sourceTree = "<group>"; };
		2D5E28B220D8EDEA000B931D /* Info.plist */ = {isa = PBXFileReference; lastKnownFileType = text.plist.xml; path = Info.plist; sourceTree = "<group>"; };
		A370B2DCBD012F05AAAFD296 /* Pods_Tasklist.framework */ = {isa = PBXFileReference; explicitFileType = wrapper.framework; includeInIndex = 0; path = Pods_Tasklist.framework; sourceTree = BUILT_PRODUCTS_DIR; };
		FAA43588ADCB0F14EF8A38FB /* Pods-Tasklist.debug.xcconfig */ = {isa = PBXFileReference; includeInIndex = 1; lastKnownFileType = text.xcconfig; name = "Pods-Tasklist.debug.xcconfig"; path = "Pods/Target Support Files/Pods-Tasklist/Pods-Tasklist.debug.xcconfig"; sourceTree = "<group>"; };
/* End PBXFileReference section */

/* Begin PBXFrameworksBuildPhase section */
		2D5E28A020D8EDE8000B931D /* Frameworks */ = {
			isa = PBXFrameworksBuildPhase;
			buildActionMask = 2147483647;
			files = (
				4AD165EC32C13CD9186F5EFB /* Pods_Tasklist.framework in Frameworks */,
			);
			runOnlyForDeploymentPostprocessing = 0;
		};
/* End PBXFrameworksBuildPhase section */

/* Begin PBXGroup section */
		2D5E289A20D8EDE8000B931D = {
			isa = PBXGroup;
			children = (
				2D5E28A520D8EDE8000B931D /* Tasklist */,
				2D5E28A420D8EDE8000B931D /* Products */,
				D150FA98F363800909557654 /* Pods */,
				3E26E7AFAEF10B923FFDB684 /* Frameworks */,
			);
			sourceTree = "<group>";
		};
		2D5E28A420D8EDE8000B931D /* Products */ = {
			isa = PBXGroup;
			children = (
				2D5E28A320D8EDE8000B931D /* Tasklist.app */,
			);
			name = Products;
			sourceTree = "<group>";
		};
		2D5E28A520D8EDE8000B931D /* Tasklist */ = {
			isa = PBXGroup;
			children = (
				2D5E28A620D8EDE8000B931D /* AppDelegate.swift */,
				2D5E28BA20D9D8B7000B931D /* Data Models */,
				2D5E28BB20D9D8E2000B931D /* Controller */,
				2D5E28BC20D9D8EC000B931D /* Views */,
				2D5E28BD20D9D932000B931D /* Supporting Files */,
				2D5E28B220D8EDEA000B931D /* Info.plist */,
			);
			path = Tasklist;
			sourceTree = "<group>";
		};
		2D5E28BA20D9D8B7000B931D /* Data Models */ = {
			isa = PBXGroup;
			children = (
				2D5BDFB620DE57FD00F7CCE2 /* Category.swift */,
				2D5BDFB420DE57E500F7CCE2 /* Item.swift */,
			);
			path = "Data Models";
			sourceTree = "<group>";
		};
		2D5E28BB20D9D8E2000B931D /* Controller */ = {
			isa = PBXGroup;
			children = (
				2D5BDFB020DE33D700F7CCE2 /* CategroyTableViewController.swift */,
				2D5E28A820D8EDE8000B931D /* ToDoListViewController.swift */,
				2D5BDFBA20DE8ADC00F7CCE2 /* SwipeTableViewController.swift */,
			);
			path = Controller;
			sourceTree = "<group>";
		};
		2D5E28BC20D9D8EC000B931D /* Views */ = {
			isa = PBXGroup;
			children = (
				2D5E28AA20D8EDE8000B931D /* Main.storyboard */,
			);
			path = Views;
			sourceTree = "<group>";
		};
		2D5E28BD20D9D932000B931D /* Supporting Files */ = {
			isa = PBXGroup;
			children = (
				2D5BDFB820DE869F00F7CCE2 /* Assets.xcassets */,
				2D5E28AF20D8EDEA000B931D /* LaunchScreen.storyboard */,
			);
			path = "Supporting Files";
			sourceTree = "<group>";
		};
		3E26E7AFAEF10B923FFDB684 /* Frameworks */ = {
			isa = PBXGroup;
			children = (
				A370B2DCBD012F05AAAFD296 /* Pods_Tasklist.framework */,
			);
			name = Frameworks;
			sourceTree = "<group>";
		};
		D150FA98F363800909557654 /* Pods */ = {
			isa = PBXGroup;
			children = (
				FAA43588ADCB0F14EF8A38FB /* Pods-Tasklist.debug.xcconfig */,
				05BD064F7BB715F0F2F1D2DA /* Pods-Tasklist.release.xcconfig */,
			);
			name = Pods;
			sourceTree = "<group>";
		};
/* End PBXGroup section */

/* Begin PBXNativeTarget section */
		2D5E28A220D8EDE8000B931D /* Tasklist */ = {
			isa = PBXNativeTarget;
			buildConfigurationList = 2D5E28B520D8EDEA000B931D /* Build configuration list for PBXNativeTarget "Tasklist" */;
			buildPhases = (
				5C7420C0FAE9182EAFCC777E /* [CP] Check Pods Manifest.lock */,
				2D5E289F20D8EDE8000B931D /* Sources */,
				2D5E28A020D8EDE8000B931D /* Frameworks */,
				2D5E28A120D8EDE8000B931D /* Resources */,
				64FDB21B622B09009C0A4F4B /* [CP] Embed Pods Frameworks */,
			);
			buildRules = (
			);
			dependencies = (
			);
			name = Tasklist;
			productName = Tasklist;
			productReference = 2D5E28A320D8EDE8000B931D /* Tasklist.app */;
			productType = "com.apple.product-type.application";
		};
/* End PBXNativeTarget section */

/* Begin PBXProject section */
		2D5E289B20D8EDE8000B931D /* Project object */ = {
			isa = PBXProject;
			attributes = {
				LastSwiftUpdateCheck = 0940;
				LastUpgradeCheck = 0940;
				ORGANIZATIONNAME = "Maha AlDwehy";
				TargetAttributes = {
					2D5E28A220D8EDE8000B931D = {
						CreatedOnToolsVersion = 9.4.1;
					};
				};
			};
			buildConfigurationList = 2D5E289E20D8EDE8000B931D /* Build configuration list for PBXProject "Tasklist" */;
			compatibilityVersion = "Xcode 9.3";
			developmentRegion = en;
			hasScannedForEncodings = 0;
			knownRegions = (
				en,
				Base,
			);
			mainGroup = 2D5E289A20D8EDE8000B931D;
			productRefGroup = 2D5E28A420D8EDE8000B931D /* Products */;
			projectDirPath = "";
			projectRoot = "";
			targets = (
				2D5E28A220D8EDE8000B931D /* Tasklist */,
			);
		};
/* End PBXProject section */

/* Begin PBXResourcesBuildPhase section */
		2D5E28A120D8EDE8000B931D /* Resources */ = {
			isa = PBXResourcesBuildPhase;
			buildActionMask = 2147483647;
			files = (
				2D5E28B120D8EDEA000B931D /* LaunchScreen.storyboard in Resources */,
				2D5BDFB920DE869F00F7CCE2 /* Assets.xcassets in Resources */,
				2D5E28AC20D8EDE8000B931D /* Main.storyboard in Resources */,
			);
			runOnlyForDeploymentPostprocessing = 0;
		};
/* End PBXResourcesBuildPhase section */

/* Begin PBXShellScriptBuildPhase section */
		5C7420C0FAE9182EAFCC777E /* [CP] Check Pods Manifest.lock */ = {
			isa = PBXShellScriptBuildPhase;
			buildActionMask = 2147483647;
			files = (
			);
			inputPaths = (
				"${PODS_PODFILE_DIR_PATH}/Podfile.lock",
				"${PODS_ROOT}/Manifest.lock",
			);
			name = "[CP] Check Pods Manifest.lock";
			outputPaths = (
				"$(DERIVED_FILE_DIR)/Pods-Tasklist-checkManifestLockResult.txt",
			);
			runOnlyForDeploymentPostprocessing = 0;
			shellPath = /bin/sh;
			shellScript = "diff \"${PODS_PODFILE_DIR_PATH}/Podfile.lock\" \"${PODS_ROOT}/Manifest.lock\" > /dev/null\nif [ $? != 0 ] ; then\n    # print error to STDERR\n    echo \"error: The sandbox is not in sync with the Podfile.lock. Run 'pod install' or update your CocoaPods installation.\" >&2\n    exit 1\nfi\n# This output is used by Xcode 'outputs' to avoid re-running this script phase.\necho \"SUCCESS\" > \"${SCRIPT_OUTPUT_FILE_0}\"\n";
			showEnvVarsInLog = 0;
		};
		64FDB21B622B09009C0A4F4B /* [CP] Embed Pods Frameworks */ = {
			isa = PBXShellScriptBuildPhase;
			buildActionMask = 2147483647;
			files = (
			);
			inputPaths = (
				"${SRCROOT}/Pods/Target Support Files/Pods-Tasklist/Pods-Tasklist-frameworks.sh",
				"${BUILT_PRODUCTS_DIR}/ChameleonFramework/ChameleonFramework.framework",
				"${BUILT_PRODUCTS_DIR}/Realm/Realm.framework",
				"${BUILT_PRODUCTS_DIR}/RealmSwift/RealmSwift.framework",
				"${BUILT_PRODUCTS_DIR}/SwipeCellKit/SwipeCellKit.framework",
			);
			name = "[CP] Embed Pods Frameworks";
			outputPaths = (
				"${TARGET_BUILD_DIR}/${FRAMEWORKS_FOLDER_PATH}/ChameleonFramework.framework",
				"${TARGET_BUILD_DIR}/${FRAMEWORKS_FOLDER_PATH}/Realm.framework",
				"${TARGET_BUILD_DIR}/${FRAMEWORKS_FOLDER_PATH}/RealmSwift.framework",
				"${TARGET_BUILD_DIR}/${FRAMEWORKS_FOLDER_PATH}/SwipeCellKit.framework",
			);
			runOnlyForDeploymentPostprocessing = 0;
			shellPath = /bin/sh;
			shellScript = "\"${SRCROOT}/Pods/Target Support Files/Pods-Tasklist/Pods-Tasklist-frameworks.sh\"\n";
			showEnvVarsInLog = 0;
		};
/* End PBXShellScriptBuildPhase section */

/* Begin PBXSourcesBuildPhase section */
		2D5E289F20D8EDE8000B931D /* Sources */ = {
			isa = PBXSourcesBuildPhase;
			buildActionMask = 2147483647;
			files = (
				2D5BDFB520DE57E500F7CCE2 /* Item.swift in Sources */,
				2D5E28A920D8EDE8000B931D /* ToDoListViewController.swift in Sources */,
				2D5E28A720D8EDE8000B931D /* AppDelegate.swift in Sources */,
				2D5BDFB120DE33D700F7CCE2 /* CategroyTableViewController.swift in Sources */,
				2D5BDFBB20DE8ADC00F7CCE2 /* SwipeTableViewController.swift in Sources */,
				2D5BDFB720DE57FD00F7CCE2 /* Category.swift in Sources */,
			);
			runOnlyForDeploymentPostprocessing = 0;
		};
/* End PBXSourcesBuildPhase section */

/* Begin PBXVariantGroup section */
		2D5E28AA20D8EDE8000B931D /* Main.storyboard */ = {
			isa = PBXVariantGroup;
			children = (
				2D5E28AB20D8EDE8000B931D /* Base */,
			);
			name = Main.storyboard;
			sourceTree = "<group>";
		};
		2D5E28AF20D8EDEA000B931D /* LaunchScreen.storyboard */ = {
			isa = PBXVariantGroup;
			children = (
				2D5E28B020D8EDEA000B931D /* Base */,
			);
			name = LaunchScreen.storyboard;
			sourceTree = "<group>";
		};
/* End PBXVariantGroup section */

/* Begin XCBuildConfiguration section */
		2D5E28B320D8EDEA000B931D /* Debug */ = {
			isa = XCBuildConfiguration;
			buildSettings = {
				ALWAYS_SEARCH_USER_PATHS = NO;
				CLANG_ANALYZER_NONNULL = YES;
				CLANG_ANALYZER_NUMBER_OBJECT_CONVERSION = YES_AGGRESSIVE;
				CLANG_CXX_LANGUAGE_STANDARD = "gnu++14";
				CLANG_CXX_LIBRARY = "libc++";
				CLANG_ENABLE_MODULES = YES;
				CLANG_ENABLE_OBJC_ARC = YES;
				CLANG_ENABLE_OBJC_WEAK = YES;
				CLANG_WARN_BLOCK_CAPTURE_AUTORELEASING = YES;
				CLANG_WARN_BOOL_CONVERSION = YES;
				CLANG_WARN_COMMA = YES;
				CLANG_WARN_CONSTANT_CONVERSION = YES;
				CLANG_WARN_DEPRECATED_OBJC_IMPLEMENTATIONS = YES;
				CLANG_WARN_DIRECT_OBJC_ISA_USAGE = YES_ERROR;
				CLANG_WARN_DOCUMENTATION_COMMENTS = YES;
				CLANG_WARN_EMPTY_BODY = YES;
				CLANG_WARN_ENUM_CONVERSION = YES;
				CLANG_WARN_INFINITE_RECURSION = YES;
				CLANG_WARN_INT_CONVERSION = YES;
				CLANG_WARN_NON_LITERAL_NULL_CONVERSION = YES;
				CLANG_WARN_OBJC_IMPLICIT_RETAIN_SELF = YES;
				CLANG_WARN_OBJC_LITERAL_CONVERSION = YES;
				CLANG_WARN_OBJC_ROOT_CLASS = YES_ERROR;
				CLANG_WARN_RANGE_LOOP_ANALYSIS = YES;
				CLANG_WARN_STRICT_PROTOTYPES = YES;
				CLANG_WARN_SUSPICIOUS_MOVE = YES;
				CLANG_WARN_UNGUARDED_AVAILABILITY = YES_AGGRESSIVE;
				CLANG_WARN_UNREACHABLE_CODE = YES;
				CLANG_WARN__DUPLICATE_METHOD_MATCH = YES;
				CODE_SIGN_IDENTITY = "iPhone Developer";
				COPY_PHASE_STRIP = NO;
				DEBUG_INFORMATION_FORMAT = dwarf;
				ENABLE_STRICT_OBJC_MSGSEND = YES;
				ENABLE_TESTABILITY = YES;
				GCC_C_LANGUAGE_STANDARD = gnu11;
				GCC_DYNAMIC_NO_PIC = NO;
				GCC_NO_COMMON_BLOCKS = YES;
				GCC_OPTIMIZATION_LEVEL = 0;
				GCC_PREPROCESSOR_DEFINITIONS = (
					"DEBUG=1",
					"$(inherited)",
				);
				GCC_WARN_64_TO_32_BIT_CONVERSION = YES;
				GCC_WARN_ABOUT_RETURN_TYPE = YES_ERROR;
				GCC_WARN_UNDECLARED_SELECTOR = YES;
				GCC_WARN_UNINITIALIZED_AUTOS = YES_AGGRESSIVE;
				GCC_WARN_UNUSED_FUNCTION = YES;
				GCC_WARN_UNUSED_VARIABLE = YES;
				IPHONEOS_DEPLOYMENT_TARGET = 11.4;
				MTL_ENABLE_DEBUG_INFO = YES;
				ONLY_ACTIVE_ARCH = YES;
				SDKROOT = iphoneos;
				SWIFT_ACTIVE_COMPILATION_CONDITIONS = DEBUG;
				SWIFT_OPTIMIZATION_LEVEL = "-Onone";
			};
			name = Debug;
		};
		2D5E28B420D8EDEA000B931D /* Release */ = {
			isa = XCBuildConfiguration;
			buildSettings = {
				ALWAYS_SEARCH_USER_PATHS = NO;
				CLANG_ANALYZER_NONNULL = YES;
				CLANG_ANALYZER_NUMBER_OBJECT_CONVERSION = YES_AGGRESSIVE;
				CLANG_CXX_LANGUAGE_STANDARD = "gnu++14";
				CLANG_CXX_LIBRARY = "libc++";
				CLANG_ENABLE_MODULES = YES;
				CLANG_ENABLE_OBJC_ARC = YES;
				CLANG_ENABLE_OBJC_WEAK = YES;
				CLANG_WARN_BLOCK_CAPTURE_AUTORELEASING = YES;
				CLANG_WARN_BOOL_CONVERSION = YES;
				CLANG_WARN_COMMA = YES;
				CLANG_WARN_CONSTANT_CONVERSION = YES;
				CLANG_WARN_DEPRECATED_OBJC_IMPLEMENTATIONS = YES;
				CLANG_WARN_DIRECT_OBJC_ISA_USAGE = YES_ERROR;
				CLANG_WARN_DOCUMENTATION_COMMENTS = YES;
				CLANG_WARN_EMPTY_BODY = YES;
				CLANG_WARN_ENUM_CONVERSION = YES;
				CLANG_WARN_INFINITE_RECURSION = YES;
				CLANG_WARN_INT_CONVERSION = YES;
				CLANG_WARN_NON_LITERAL_NULL_CONVERSION = YES;
				CLANG_WARN_OBJC_IMPLICIT_RETAIN_SELF = YES;
				CLANG_WARN_OBJC_LITERAL_CONVERSION = YES;
				CLANG_WARN_OBJC_ROOT_CLASS = YES_ERROR;
				CLANG_WARN_RANGE_LOOP_ANALYSIS = YES;
				CLANG_WARN_STRICT_PROTOTYPES = YES;
				CLANG_WARN_SUSPICIOUS_MOVE = YES;
				CLANG_WARN_UNGUARDED_AVAILABILITY = YES_AGGRESSIVE;
				CLANG_WARN_UNREACHABLE_CODE = YES;
				CLANG_WARN__DUPLICATE_METHOD_MATCH = YES;
				CODE_SIGN_IDENTITY = "iPhone Developer";
				COPY_PHASE_STRIP = NO;
				DEBUG_INFORMATION_FORMAT = "dwarf-with-dsym";
				ENABLE_NS_ASSERTIONS = NO;
				ENABLE_STRICT_OBJC_MSGSEND = YES;
				GCC_C_LANGUAGE_STANDARD = gnu11;
				GCC_NO_COMMON_BLOCKS = YES;
				GCC_WARN_64_TO_32_BIT_CONVERSION = YES;
				GCC_WARN_ABOUT_RETURN_TYPE = YES_ERROR;
				GCC_WARN_UNDECLARED_SELECTOR = YES;
				GCC_WARN_UNINITIALIZED_AUTOS = YES_AGGRESSIVE;
				GCC_WARN_UNUSED_FUNCTION = YES;
				GCC_WARN_UNUSED_VARIABLE = YES;
				IPHONEOS_DEPLOYMENT_TARGET = 11.4;
				MTL_ENABLE_DEBUG_INFO = NO;
				SDKROOT = iphoneos;
				SWIFT_COMPILATION_MODE = wholemodule;
				SWIFT_OPTIMIZATION_LEVEL = "-O";
				VALIDATE_PRODUCT = YES;
			};
			name = Release;
		};
		2D5E28B620D8EDEA000B931D /* Debug */ = {
			isa = XCBuildConfiguration;
			baseConfigurationReference = FAA43588ADCB0F14EF8A38FB /* Pods-Tasklist.debug.xcconfig */;
			buildSettings = {
				ASSETCATALOG_COMPILER_APPICON_NAME = AppIcon;
				CODE_SIGN_STYLE = Automatic;
				DEVELOPMENT_TEAM = TJNP7SJJ42;
				INFOPLIST_FILE = Tasklist/Info.plist;
				LD_RUNPATH_SEARCH_PATHS = (
					"$(inherited)",
					"@executable_path/Frameworks",
				);
				PRODUCT_BUNDLE_IDENTIFIER = MahaDwehy.Tasklist;
				PRODUCT_NAME = "$(TARGET_NAME)";
				SWIFT_VERSION = 4.0;
				TARGETED_DEVICE_FAMILY = "1,2";
			};
			name = Debug;
		};
		2D5E28B720D8EDEA000B931D /* Release */ = {
			isa = XCBuildConfiguration;
			baseConfigurationReference = 05BD064F7BB715F0F2F1D2DA /* Pods-Tasklist.release.xcconfig */;
			buildSettings = {
				ASSETCATALOG_COMPILER_APPICON_NAME = AppIcon;
				CODE_SIGN_STYLE = Automatic;
				DEVELOPMENT_TEAM = TJNP7SJJ42;
				INFOPLIST_FILE = Tasklist/Info.plist;
				LD_RUNPATH_SEARCH_PATHS = (
					"$(inherited)",
					"@executable_path/Frameworks",
				);
				PRODUCT_BUNDLE_IDENTIFIER = MahaDwehy.Tasklist;
				PRODUCT_NAME = "$(TARGET_NAME)";
				SWIFT_VERSION = 4.0;
				TARGETED_DEVICE_FAMILY = "1,2";
			};
			name = Release;
		};
/* End XCBuildConfiguration section */

/* Begin XCConfigurationList section */
		2D5E289E20D8EDE8000B931D /* Build configuration list for PBXProject "Tasklist" */ = {
			isa = XCConfigurationList;
			buildConfigurations = (
				2D5E28B320D8EDEA000B931D /* Debug */,
				2D5E28B420D8EDEA000B931D /* Release */,
			);
			defaultConfigurationIsVisible = 0;
			defaultConfigurationName = Release;
		};
		2D5E28B520D8EDEA000B931D /* Build configuration list for PBXNativeTarget "Tasklist" */ = {
			isa = XCConfigurationList;
			buildConfigurations = (
				2D5E28B620D8EDEA000B931D /* Debug */,
				2D5E28B720D8EDEA000B931D /* Release */,
			);
			defaultConfigurationIsVisible = 0;
			defaultConfigurationName = Release;
		};
/* End XCConfigurationList section */
	};
	rootObject = 2D5E289B20D8EDE8000B931D /* Project object */;
}
